github.com/nosixtools/solarlunar v0.0.0-20211112060703-1b6dea7b4a19 h1:LhWT2dBuNkYexwRSsPpYh67e0ikmH1ebBDaVkGHoMts=
github.com/nosixtools/solarlunar v0.0.0-20211112060703-1b6dea7b4a19/go.mod h1:LjhyrWzOLJ9l1azMoNr9iCvfNrHEREqvJHzSLQcD0/o=
github.com/zhangyiming748/calendar v1.2.1 h1:4xgwg+9H+xnlC3EMXmA+OnHrFkLRPn8+bOBN0iIN1b8=
github.com/zhangyiming748/calendar v1.2.1/go.mod h1:CAamLcBlxhFVhRHjCGbMdezGUH+aakc/tT98rSstYfg=
